
Microsoft Visual Studio Solution File, Format Version 12.00
# Visual Studio 15
VisualStudioVersion = 15.0.26730.12
MinimumVisualStudioVersion = 10.0.40219.1
Project("{8BC9CEB8-8B4A-11D0-8D11-00A0C91BC942}") = "ProjetoChat", "ProjetoChat\ProjetoChat.vcxproj", "{3A1C87CD-6F9A-479F-9D48-BCC1E3889F85}"
EndProject
Global
	GlobalSection(SolutionConfigurationPlatforms) = preSolution
		Debug|x64 = Debug|x64
		Debug|x86 = Debug|x86
		Release|x64 = Release|x64
		Release|x86 = Release|x86
	EndGlobalSection
	GlobalSection(ProjectConfigurationPlatforms) = postSolution
		{3A1C87CD-6F9A-479F-9D48-BCC1E3889F85}.Debug|x64.ActiveCfg = Debug|x64
		{3A1C87CD-6F9A-479F-9D48-BCC1E3889F85}.Debug|x64.Build.0 = Debug|x64
		{3A1C87CD-6F9A-479F-9D48-BCC1E3889F85}.Debug|x86.ActiveCfg = Debug|Win32
		{3A1C87CD-6F9A-479F-9D48-BCC1E3889F85}.Debug|x86.Build.0 = Debug|Win32
		{3A1C87CD-6F9A-479F-9D48-BCC1E3889F85}.Release|x64.ActiveCfg = Release|x64
		{3A1C87CD-6F9A-479F-9D48-BCC1E3889F85}.Release|x64.Build.0 = Release|x64
		{3A1C87CD-6F9A-479F-9D48-BCC1E3889F85}.Release|x86.ActiveCfg = Release|Win32
		{3A1C87CD-6F9A-479F-9D48-BCC1E3889F85}.Release|x86.Build.0 = Release|Win32
	EndGlobalSection
	GlobalSection(SolutionProperties) = preSolution
		HideSolutionNode = FALSE
	EndGlobalSection
	GlobalSection(ExtensibilityGlobals) = postSolution
		SolutionGuid = {CC41CA6A-9A40-4B38-BBEF-966052B1FAA3}
	EndGlobalSection
EndGlobal
